
Microsoft Visual Studio Solution File, Format Version 12.00
# Visual Studio 14
VisualStudioVersion = 14.0.25420.1
MinimumVisualStudioVersion = 10.0.40219.1
Project("{FAE04EC0-301F-11D3-BF4B-00C04F79EFBC}") = "CrawlerManager", "CrawlerManager\CrawlerManager.csproj", "{524FF6DF-7FAE-413B-94B8-4A3A9646F6D5}"
EndProject
Project("{FAE04EC0-301F-11D3-BF4B-00C04F79EFBC}") = "CrawlContract", "CrawlContract\CrawlContract.csproj", "{D62365D6-B91C-438B-B53A-C52933AD83BC}"
EndProject
Project("{FAE04EC0-301F-11D3-BF4B-00C04F79EFBC}") = "Common", "..\Common\Common\Common.csproj", "{15F34E69-85BB-4A17-8A72-E498218EDAE1}"
EndProject
Global
	GlobalSection(SolutionConfigurationPlatforms) = preSolution
		Debug|Any CPU = Debug|Any CPU
		Release|Any CPU = Release|Any CPU
	EndGlobalSection
	GlobalSection(ProjectConfigurationPlatforms) = postSolution
		{524FF6DF-7FAE-413B-94B8-4A3A9646F6D5}.Debug|Any CPU.ActiveCfg = Debug|Any CPU
		{524FF6DF-7FAE-413B-94B8-4A3A9646F6D5}.Debug|Any CPU.Build.0 = Debug|Any CPU
		{524FF6DF-7FAE-413B-94B8-4A3A9646F6D5}.Release|Any CPU.ActiveCfg = Release|Any CPU
		{524FF6DF-7FAE-413B-94B8-4A3A9646F6D5}.Release|Any CPU.Build.0 = Release|Any CPU
		{D62365D6-B91C-438B-B53A-C52933AD83BC}.Debug|Any CPU.ActiveCfg = Debug|Any CPU
		{D62365D6-B91C-438B-B53A-C52933AD83BC}.Debug|Any CPU.Build.0 = Debug|Any CPU
		{D62365D6-B91C-438B-B53A-C52933AD83BC}.Release|Any CPU.ActiveCfg = Release|Any CPU
		{D62365D6-B91C-438B-B53A-C52933AD83BC}.Release|Any CPU.Build.0 = Release|Any CPU
		{15F34E69-85BB-4A17-8A72-E498218EDAE1}.Debug|Any CPU.ActiveCfg = Debug|Any CPU
		{15F34E69-85BB-4A17-8A72-E498218EDAE1}.Debug|Any CPU.Build.0 = Debug|Any CPU
		{15F34E69-85BB-4A17-8A72-E498218EDAE1}.Release|Any CPU.ActiveCfg = Release|Any CPU
		{15F34E69-85BB-4A17-8A72-E498218EDAE1}.Release|Any CPU.Build.0 = Release|Any CPU
	EndGlobalSection
	GlobalSection(SolutionProperties) = preSolution
		HideSolutionNode = FALSE
	EndGlobalSection
EndGlobal
